
Microsoft Visual Studio Solution File, Format Version 12.00
# Visual Studio 2013
VisualStudioVersion = 12.0.31101.0
MinimumVisualStudioVersion = 10.0.40219.1
Project("{581633EB-B896-402F-8E60-36F3DA191C85}") = "testLightSwitch", "testLightSwitch\testLightSwitch.lsxtproj", "{B036E148-A1AE-4758-A65C-45F3FEC4AE16}"
EndProject
Project("{FAE04EC0-301F-11D3-BF4B-00C04F79EFBC}") = "testLightSwitch.Server", "testLightSwitch\testLightSwitch.Server\testLightSwitch.Server.csproj", "{9E3808FA-73EE-4C17-A10A-641E1D767975}"
EndProject
Project("{FAE04EC0-301F-11D3-BF4B-00C04F79EFBC}") = "testLightSwitch.DesktopClient", "testLightSwitch\testLightSwitch.DesktopClient\testLightSwitch.DesktopClient.csproj", "{94A2A7CB-4AF2-4F18-81BC-78412D77D409}"
EndProject
Global
	GlobalSection(SolutionConfigurationPlatforms) = preSolution
		Debug|Any CPU = Debug|Any CPU
		Release|Any CPU = Release|Any CPU
	EndGlobalSection
	GlobalSection(ProjectConfigurationPlatforms) = postSolution
		{B036E148-A1AE-4758-A65C-45F3FEC4AE16}.Debug|Any CPU.ActiveCfg = Debug|Any CPU
		{B036E148-A1AE-4758-A65C-45F3FEC4AE16}.Debug|Any CPU.Build.0 = Debug|Any CPU
		{B036E148-A1AE-4758-A65C-45F3FEC4AE16}.Release|Any CPU.ActiveCfg = Release|Any CPU
		{B036E148-A1AE-4758-A65C-45F3FEC4AE16}.Release|Any CPU.Build.0 = Release|Any CPU
		{9E3808FA-73EE-4C17-A10A-641E1D767975}.Debug|Any CPU.ActiveCfg = Debug|Any CPU
		{9E3808FA-73EE-4C17-A10A-641E1D767975}.Debug|Any CPU.Build.0 = Debug|Any CPU
		{9E3808FA-73EE-4C17-A10A-641E1D767975}.Release|Any CPU.ActiveCfg = Release|Any CPU
		{9E3808FA-73EE-4C17-A10A-641E1D767975}.Release|Any CPU.Build.0 = Release|Any CPU
		{94A2A7CB-4AF2-4F18-81BC-78412D77D409}.Debug|Any CPU.ActiveCfg = Debug|Any CPU
		{94A2A7CB-4AF2-4F18-81BC-78412D77D409}.Debug|Any CPU.Build.0 = Debug|Any CPU
		{94A2A7CB-4AF2-4F18-81BC-78412D77D409}.Release|Any CPU.ActiveCfg = Release|Any CPU
		{94A2A7CB-4AF2-4F18-81BC-78412D77D409}.Release|Any CPU.Build.0 = Release|Any CPU
	EndGlobalSection
	GlobalSection(SolutionProperties) = preSolution
		HideSolutionNode = FALSE
	EndGlobalSection
EndGlobal
